// !$*UTF8*$!
{
	archiveVersion = 1;
	classes = {
	};
	objectVersion = 56;
	objects = {

/* Begin PBXBuildFile section */
		CCC7B4832B73EFA9009AF65C /* AppDelegate.swift in Sources */ = {isa = PBXBuildFile; fileRef = CCC7B4822B73EFA9009AF65C /* AppDelegate.swift */; };
		CCC7B4852B73EFA9009AF65C /* SceneDelegate.swift in Sources */ = {isa = PBXBuildFile; fileRef = CCC7B4842B73EFA9009AF65C /* SceneDelegate.swift */; };
		CCC7B4872B73EFA9009AF65C /* MenuVC.swift in Sources */ = {isa = PBXBuildFile; fileRef = CCC7B4862B73EFA9009AF65C /* MenuVC.swift */; };
		CCC7B48A2B73EFA9009AF65C /* Main.storyboard in Resources */ = {isa = PBXBuildFile; fileRef = CCC7B4882B73EFA9009AF65C /* Main.storyboard */; };
		CCC7B48C2B73EFAB009AF65C /* Assets.xcassets in Resources */ = {isa = PBXBuildFile; fileRef = CCC7B48B2B73EFAB009AF65C /* Assets.xcassets */; };
		CCC7B48F2B73EFAB009AF65C /* LaunchScreen.storyboard in Resources */ = {isa = PBXBuildFile; fileRef = CCC7B48D2B73EFAB009AF65C /* LaunchScreen.storyboard */; };
		CCC7B4972B763510009AF65C /* SettingsVC.swift in Sources */ = {isa = PBXBuildFile; fileRef = CCC7B4962B763510009AF65C /* SettingsVC.swift */; };
		CCC7B49D2B76438B009AF65C /* SettingModel.swift in Sources */ = {isa = PBXBuildFile; fileRef = CCC7B49C2B76438B009AF65C /* SettingModel.swift */; };
		CCC7B4A02B764CD0009AF65C /* TableViewCell.swift in Sources */ = {isa = PBXBuildFile; fileRef = CCC7B49E2B764CD0009AF65C /* TableViewCell.swift */; };
		CCC7B4A12B764CD0009AF65C /* TableViewCell.xib in Resources */ = {isa = PBXBuildFile; fileRef = CCC7B49F2B764CD0009AF65C /* TableViewCell.xib */; };
		CCC8084D2B7B9D6D006D013E /* SettingsManager.swift in Sources */ = {isa = PBXBuildFile; fileRef = CCC8084C2B7B9D6D006D013E /* SettingsManager.swift */; };
		CCC8084F2B7BBE02006D013E /* ProfileVC.swift in Sources */ = {isa = PBXBuildFile; fileRef = CCC8084E2B7BBE02006D013E /* ProfileVC.swift */; };
		CCCF66A52B7E482F00A54135 /* StatsVC.swift in Sources */ = {isa = PBXBuildFile; fileRef = CCCF66A42B7E482F00A54135 /* StatsVC.swift */; };
		CCCF66A72B7F873B00A54135 /* GameplayVC.swift in Sources */ = {isa = PBXBuildFile; fileRef = CCCF66A62B7F873B00A54135 /* GameplayVC.swift */; };
		CCE29CE92B920C0E00D64314 /* Lottie in Frameworks */ = {isa = PBXBuildFile; productRef = CCE29CE82B920C0E00D64314 /* Lottie */; };
		CCE29CFF2B921D6400D64314 /* profile-animation.json in Resources */ = {isa = PBXBuildFile; fileRef = CCE29CFE2B921D6400D64314 /* profile-animation.json */; };
/* End PBXBuildFile section */

/* Begin PBXFileReference section */
		CCC7B47F2B73EFA9009AF65C /* Race.app */ = {isa = PBXFileReference; explicitFileType = wrapper.application; includeInIndex = 0; path = Race.app; sourceTree = BUILT_PRODUCTS_DIR; };
		CCC7B4822B73EFA9009AF65C /* AppDelegate.swift */ = {isa = PBXFileReference; lastKnownFileType = sourcecode.swift; path = AppDelegate.swift; sourceTree = "<group>"; };
		CCC7B4842B73EFA9009AF65C /* SceneDelegate.swift */ = {isa = PBXFileReference; lastKnownFileType = sourcecode.swift; path = SceneDelegate.swift; sourceTree = "<group>"; };
		CCC7B4862B73EFA9009AF65C /* MenuVC.swift */ = {isa = PBXFileReference; lastKnownFileType = sourcecode.swift; path = MenuVC.swift; sourceTree = "<group>"; };
		CCC7B4892B73EFA9009AF65C /* Base */ = {isa = PBXFileReference; lastKnownFileType = file.storyboard; name = Base; path = Base.lproj/Main.storyboard; sourceTree = "<group>"; };
		CCC7B48B2B73EFAB009AF65C /* Assets.xcassets */ = {isa = PBXFileReference; lastKnownFileType = folder.assetcatalog; path = Assets.xcassets; sourceTree = "<group>"; };
		CCC7B48E2B73EFAB009AF65C /* Base */ = {isa = PBXFileReference; lastKnownFileType = file.storyboard; name = Base; path = Base.lproj/LaunchScreen.storyboard; sourceTree = "<group>"; };
		CCC7B4902B73EFAB009AF65C /* Info.plist */ = {isa = PBXFileReference; lastKnownFileType = text.plist.xml; path = Info.plist; sourceTree = "<group>"; };
		CCC7B4962B763510009AF65C /* SettingsVC.swift */ = {isa = PBXFileReference; lastKnownFileType = sourcecode.swift; path = SettingsVC.swift; sourceTree = "<group>"; };
		CCC7B49C2B76438B009AF65C /* SettingModel.swift */ = {isa = PBXFileReference; lastKnownFileType = sourcecode.swift; path = SettingModel.swift; sourceTree = "<group>"; };
		CCC7B49E2B764CD0009AF65C /* TableViewCell.swift */ = {isa = PBXFileReference; lastKnownFileType = sourcecode.swift; path = TableViewCell.swift; sourceTree = "<group>"; };
		CCC7B49F2B764CD0009AF65C /* TableViewCell.xib */ = {isa = PBXFileReference; lastKnownFileType = file.xib; path = TableViewCell.xib; sourceTree = "<group>"; };
		CCC8084C2B7B9D6D006D013E /* SettingsManager.swift */ = {isa = PBXFileReference; lastKnownFileType = sourcecode.swift; path = SettingsManager.swift; sourceTree = "<group>"; };
		CCC8084E2B7BBE02006D013E /* ProfileVC.swift */ = {isa = PBXFileReference; lastKnownFileType = sourcecode.swift; path = ProfileVC.swift; sourceTree = "<group>"; };
		CCCF66A42B7E482F00A54135 /* StatsVC.swift */ = {isa = PBXFileReference; lastKnownFileType = sourcecode.swift; path = StatsVC.swift; sourceTree = "<group>"; };
		CCCF66A62B7F873B00A54135 /* GameplayVC.swift */ = {isa = PBXFileReference; lastKnownFileType = sourcecode.swift; path = GameplayVC.swift; sourceTree = "<group>"; };
		CCE29CFE2B921D6400D64314 /* profile-animation.json */ = {isa = PBXFileReference; fileEncoding = 4; lastKnownFileType = text.json; path = "profile-animation.json"; sourceTree = "<group>"; };
/* End PBXFileReference section */

/* Begin PBXFrameworksBuildPhase section */
		CCC7B47C2B73EFA9009AF65C /* Frameworks */ = {
			isa = PBXFrameworksBuildPhase;
			buildActionMask = 2147483647;
			files = (
				CCE29CE92B920C0E00D64314 /* Lottie in Frameworks */,
			);
			runOnlyForDeploymentPostprocessing = 0;
		};
/* End PBXFrameworksBuildPhase section */

/* Begin PBXGroup section */
		CCC7B4762B73EFA9009AF65C = {
			isa = PBXGroup;
			children = (
				CCC7B4812B73EFA9009AF65C /* Race */,
				CCC7B4802B73EFA9009AF65C /* Products */,
			);
			sourceTree = "<group>";
		};
		CCC7B4802B73EFA9009AF65C /* Products */ = {
			isa = PBXGroup;
			children = (
				CCC7B47F2B73EFA9009AF65C /* Race.app */,
			);
			name = Products;
			sourceTree = "<group>";
		};
		CCC7B4812B73EFA9009AF65C /* Race */ = {
			isa = PBXGroup;
			children = (
				CCC7B4A22B764FF6009AF65C /* App */,
				CCC7B4A32B76504E009AF65C /* ViewControllers */,
				CCC7B4A62B7650DD009AF65C /* Views */,
				CCC8084B2B7B9D3A006D013E /* Managers */,
				CCC7B4A42B765076009AF65C /* Models */,
				CCC7B4A52B7650AD009AF65C /* Resources */,
				CCC7B48B2B73EFAB009AF65C /* Assets.xcassets */,
			);
			path = Race;
			sourceTree = "<group>";
		};
		CCC7B4A22B764FF6009AF65C /* App */ = {
			isa = PBXGroup;
			children = (
				CCC7B4822B73EFA9009AF65C /* AppDelegate.swift */,
				CCC7B4842B73EFA9009AF65C /* SceneDelegate.swift */,
				CCC7B4902B73EFAB009AF65C /* Info.plist */,
			);
			path = App;
			sourceTree = "<group>";
		};
		CCC7B4A32B76504E009AF65C /* ViewControllers */ = {
			isa = PBXGroup;
			children = (
				CCC7B4862B73EFA9009AF65C /* MenuVC.swift */,
				CCC7B4962B763510009AF65C /* SettingsVC.swift */,
				CCC8084E2B7BBE02006D013E /* ProfileVC.swift */,
				CCCF66A42B7E482F00A54135 /* StatsVC.swift */,
				CCCF66A62B7F873B00A54135 /* GameplayVC.swift */,
			);
			path = ViewControllers;
			sourceTree = "<group>";
		};
		CCC7B4A42B765076009AF65C /* Models */ = {
			isa = PBXGroup;
			children = (
				CCC7B49C2B76438B009AF65C /* SettingModel.swift */,
			);
			path = Models;
			sourceTree = "<group>";
		};
		CCC7B4A52B7650AD009AF65C /* Resources */ = {
			isa = PBXGroup;
			children = (
				CCC7B49F2B764CD0009AF65C /* TableViewCell.xib */,
				CCC7B4882B73EFA9009AF65C /* Main.storyboard */,
				CCC7B48D2B73EFAB009AF65C /* LaunchScreen.storyboard */,
				CCE29CFE2B921D6400D64314 /* profile-animation.json */,
			);
			path = Resources;
			sourceTree = "<group>";
		};
		CCC7B4A62B7650DD009AF65C /* Views */ = {
			isa = PBXGroup;
			children = (
				CCC7B49E2B764CD0009AF65C /* TableViewCell.swift */,
			);
			path = Views;
			sourceTree = "<group>";
		};
		CCC8084B2B7B9D3A006D013E /* Managers */ = {
			isa = PBXGroup;
			children = (
				CCC8084C2B7B9D6D006D013E /* SettingsManager.swift */,
			);
			path = Managers;
			sourceTree = "<group>";
		};
/* End PBXGroup section */

/* Begin PBXNativeTarget section */
		CCC7B47E2B73EFA9009AF65C /* Race */ = {
			isa = PBXNativeTarget;
			buildConfigurationList = CCC7B4932B73EFAB009AF65C /* Build configuration list for PBXNativeTarget "Race" */;
			buildPhases = (
				CCC7B47B2B73EFA9009AF65C /* Sources */,
				CCC7B47C2B73EFA9009AF65C /* Frameworks */,
				CCC7B47D2B73EFA9009AF65C /* Resources */,
			);
			buildRules = (
			);
			dependencies = (
			);
			name = Race;
			packageProductDependencies = (
				CCE29CE82B920C0E00D64314 /* Lottie */,
			);
			productName = Race;
			productReference = CCC7B47F2B73EFA9009AF65C /* Race.app */;
			productType = "com.apple.product-type.application";
		};
/* End PBXNativeTarget section */

/* Begin PBXProject section */
		CCC7B4772B73EFA9009AF65C /* Project object */ = {
			isa = PBXProject;
			attributes = {
				BuildIndependentTargetsInParallel = 1;
				LastSwiftUpdateCheck = 1520;
				LastUpgradeCheck = 1520;
				TargetAttributes = {
					CCC7B47E2B73EFA9009AF65C = {
						CreatedOnToolsVersion = 15.2;
					};
				};
			};
			buildConfigurationList = CCC7B47A2B73EFA9009AF65C /* Build configuration list for PBXProject "Race" */;
			compatibilityVersion = "Xcode 14.0";
			developmentRegion = en;
			hasScannedForEncodings = 0;
			knownRegions = (
				en,
				Base,
			);
			mainGroup = CCC7B4762B73EFA9009AF65C;
			packageReferences = (
				CCE29CE72B920C0E00D64314 /* XCRemoteSwiftPackageReference "lottie-ios" */,
			);
			productRefGroup = CCC7B4802B73EFA9009AF65C /* Products */;
			projectDirPath = "";
			projectRoot = "";
			targets = (
				CCC7B47E2B73EFA9009AF65C /* Race */,
			);
		};
/* End PBXProject section */

/* Begin PBXResourcesBuildPhase section */
		CCC7B47D2B73EFA9009AF65C /* Resources */ = {
			isa = PBXResourcesBuildPhase;
			buildActionMask = 2147483647;
			files = (
				CCC7B48F2B73EFAB009AF65C /* LaunchScreen.storyboard in Resources */,
				CCC7B4A12B764CD0009AF65C /* TableViewCell.xib in Resources */,
				CCE29CFF2B921D6400D64314 /* profile-animation.json in Resources */,
				CCC7B48C2B73EFAB009AF65C /* Assets.xcassets in Resources */,
				CCC7B48A2B73EFA9009AF65C /* Main.storyboard in Resources */,
			);
			runOnlyForDeploymentPostprocessing = 0;
		};
/* End PBXResourcesBuildPhase section */

/* Begin PBXSourcesBuildPhase section */
		CCC7B47B2B73EFA9009AF65C /* Sources */ = {
			isa = PBXSourcesBuildPhase;
			buildActionMask = 2147483647;
			files = (
				CCC7B4872B73EFA9009AF65C /* MenuVC.swift in Sources */,
				CCC7B4972B763510009AF65C /* SettingsVC.swift in Sources */,
				CCCF66A72B7F873B00A54135 /* GameplayVC.swift in Sources */,
				CCC7B49D2B76438B009AF65C /* SettingModel.swift in Sources */,
				CCC8084D2B7B9D6D006D013E /* SettingsManager.swift in Sources */,
				CCC8084F2B7BBE02006D013E /* ProfileVC.swift in Sources */,
				CCC7B4A02B764CD0009AF65C /* TableViewCell.swift in Sources */,
				CCC7B4832B73EFA9009AF65C /* AppDelegate.swift in Sources */,
				CCC7B4852B73EFA9009AF65C /* SceneDelegate.swift in Sources */,
				CCCF66A52B7E482F00A54135 /* StatsVC.swift in Sources */,
			);
			runOnlyForDeploymentPostprocessing = 0;
		};
/* End PBXSourcesBuildPhase section */

/* Begin PBXVariantGroup section */
		CCC7B4882B73EFA9009AF65C /* Main.storyboard */ = {
			isa = PBXVariantGroup;
			children = (
				CCC7B4892B73EFA9009AF65C /* Base */,
			);
			name = Main.storyboard;
			sourceTree = "<group>";
		};
		CCC7B48D2B73EFAB009AF65C /* LaunchScreen.storyboard */ = {
			isa = PBXVariantGroup;
			children = (
				CCC7B48E2B73EFAB009AF65C /* Base */,
			);
			name = LaunchScreen.storyboard;
			sourceTree = "<group>";
		};
/* End PBXVariantGroup section */

/* Begin XCBuildConfiguration section */
		CCC7B4912B73EFAB009AF65C /* Debug */ = {
			isa = XCBuildConfiguration;
			buildSettings = {
				ALWAYS_SEARCH_USER_PATHS = NO;
				ASSETCATALOG_COMPILER_GENERATE_SWIFT_ASSET_SYMBOL_EXTENSIONS = YES;
				CLANG_ANALYZER_NONNULL = YES;
				CLANG_ANALYZER_NUMBER_OBJECT_CONVERSION = YES_AGGRESSIVE;
				CLANG_CXX_LANGUAGE_STANDARD = "gnu++20";
				CLANG_ENABLE_MODULES = YES;
				CLANG_ENABLE_OBJC_ARC = YES;
				CLANG_ENABLE_OBJC_WEAK = YES;
				CLANG_WARN_BLOCK_CAPTURE_AUTORELEASING = YES;
				CLANG_WARN_BOOL_CONVERSION = YES;
				CLANG_WARN_COMMA = YES;
				CLANG_WARN_CONSTANT_CONVERSION = YES;
				CLANG_WARN_DEPRECATED_OBJC_IMPLEMENTATIONS = YES;
				CLANG_WARN_DIRECT_OBJC_ISA_USAGE = YES_ERROR;
				CLANG_WARN_DOCUMENTATION_COMMENTS = YES;
				CLANG_WARN_EMPTY_BODY = YES;
				CLANG_WARN_ENUM_CONVERSION = YES;
				CLANG_WARN_INFINITE_RECURSION = YES;
				CLANG_WARN_INT_CONVERSION = YES;
				CLANG_WARN_NON_LITERAL_NULL_CONVERSION = YES;
				CLANG_WARN_OBJC_IMPLICIT_RETAIN_SELF = YES;
				CLANG_WARN_OBJC_LITERAL_CONVERSION = YES;
				CLANG_WARN_OBJC_ROOT_CLASS = YES_ERROR;
				CLANG_WARN_QUOTED_INCLUDE_IN_FRAMEWORK_HEADER = YES;
				CLANG_WARN_RANGE_LOOP_ANALYSIS = YES;
				CLANG_WARN_STRICT_PROTOTYPES = YES;
				CLANG_WARN_SUSPICIOUS_MOVE = YES;
				CLANG_WARN_UNGUARDED_AVAILABILITY = YES_AGGRESSIVE;
				CLANG_WARN_UNREACHABLE_CODE = YES;
				CLANG_WARN__DUPLICATE_METHOD_MATCH = YES;
				COPY_PHASE_STRIP = NO;
				DEBUG_INFORMATION_FORMAT = dwarf;
				ENABLE_STRICT_OBJC_MSGSEND = YES;
				ENABLE_TESTABILITY = YES;
				ENABLE_USER_SCRIPT_SANDBOXING = YES;
				GCC_C_LANGUAGE_STANDARD = gnu17;
				GCC_DYNAMIC_NO_PIC = NO;
				GCC_NO_COMMON_BLOCKS = YES;
				GCC_OPTIMIZATION_LEVEL = 0;
				GCC_PREPROCESSOR_DEFINITIONS = (
					"DEBUG=1",
					"$(inherited)",
				);
				GCC_WARN_64_TO_32_BIT_CONVERSION = YES;
				GCC_WARN_ABOUT_RETURN_TYPE = YES_ERROR;
				GCC_WARN_UNDECLARED_SELECTOR = YES;
				GCC_WARN_UNINITIALIZED_AUTOS = YES_AGGRESSIVE;
				GCC_WARN_UNUSED_FUNCTION = YES;
				GCC_WARN_UNUSED_VARIABLE = YES;
				IPHONEOS_DEPLOYMENT_TARGET = 17.2;
				LOCALIZATION_PREFERS_STRING_CATALOGS = YES;
				MTL_ENABLE_DEBUG_INFO = INCLUDE_SOURCE;
				MTL_FAST_MATH = YES;
				ONLY_ACTIVE_ARCH = YES;
				SDKROOT = iphoneos;
				SWIFT_ACTIVE_COMPILATION_CONDITIONS = "DEBUG $(inherited)";
				SWIFT_OPTIMIZATION_LEVEL = "-Onone";
			};
			name = Debug;
		};
		CCC7B4922B73EFAB009AF65C /* Release */ = {
			isa = XCBuildConfiguration;
			buildSettings = {
				ALWAYS_SEARCH_USER_PATHS = NO;
				ASSETCATALOG_COMPILER_GENERATE_SWIFT_ASSET_SYMBOL_EXTENSIONS = YES;
				CLANG_ANALYZER_NONNULL = YES;
				CLANG_ANALYZER_NUMBER_OBJECT_CONVERSION = YES_AGGRESSIVE;
				CLANG_CXX_LANGUAGE_STANDARD = "gnu++20";
				CLANG_ENABLE_MODULES = YES;
				CLANG_ENABLE_OBJC_ARC = YES;
				CLANG_ENABLE_OBJC_WEAK = YES;
				CLANG_WARN_BLOCK_CAPTURE_AUTORELEASING = YES;
				CLANG_WARN_BOOL_CONVERSION = YES;
				CLANG_WARN_COMMA = YES;
				CLANG_WARN_CONSTANT_CONVERSION = YES;
				CLANG_WARN_DEPRECATED_OBJC_IMPLEMENTATIONS = YES;
				CLANG_WARN_DIRECT_OBJC_ISA_USAGE = YES_ERROR;
				CLANG_WARN_DOCUMENTATION_COMMENTS = YES;
				CLANG_WARN_EMPTY_BODY = YES;
				CLANG_WARN_ENUM_CONVERSION = YES;
				CLANG_WARN_INFINITE_RECURSION = YES;
				CLANG_WARN_INT_CONVERSION = YES;
				CLANG_WARN_NON_LITERAL_NULL_CONVERSION = YES;
				CLANG_WARN_OBJC_IMPLICIT_RETAIN_SELF = YES;
				CLANG_WARN_OBJC_LITERAL_CONVERSION = YES;
				CLANG_WARN_OBJC_ROOT_CLASS = YES_ERROR;
				CLANG_WARN_QUOTED_INCLUDE_IN_FRAMEWORK_HEADER = YES;
				CLANG_WARN_RANGE_LOOP_ANALYSIS = YES;
				CLANG_WARN_STRICT_PROTOTYPES = YES;
				CLANG_WARN_SUSPICIOUS_MOVE = YES;
				CLANG_WARN_UNGUARDED_AVAILABILITY = YES_AGGRESSIVE;
				CLANG_WARN_UNREACHABLE_CODE = YES;
				CLANG_WARN__DUPLICATE_METHOD_MATCH = YES;
				COPY_PHASE_STRIP = NO;
				DEBUG_INFORMATION_FORMAT = "dwarf-with-dsym";
				ENABLE_NS_ASSERTIONS = NO;
				ENABLE_STRICT_OBJC_MSGSEND = YES;
				ENABLE_USER_SCRIPT_SANDBOXING = YES;
				GCC_C_LANGUAGE_STANDARD = gnu17;
				GCC_NO_COMMON_BLOCKS = YES;
				GCC_WARN_64_TO_32_BIT_CONVERSION = YES;
				GCC_WARN_ABOUT_RETURN_TYPE = YES_ERROR;
				GCC_WARN_UNDECLARED_SELECTOR = YES;
				GCC_WARN_UNINITIALIZED_AUTOS = YES_AGGRESSIVE;
				GCC_WARN_UNUSED_FUNCTION = YES;
				GCC_WARN_UNUSED_VARIABLE = YES;
				IPHONEOS_DEPLOYMENT_TARGET = 17.2;
				LOCALIZATION_PREFERS_STRING_CATALOGS = YES;
				MTL_ENABLE_DEBUG_INFO = NO;
				MTL_FAST_MATH = YES;
				SDKROOT = iphoneos;
				SWIFT_COMPILATION_MODE = wholemodule;
				VALIDATE_PRODUCT = YES;
			};
			name = Release;
		};
		CCC7B4942B73EFAB009AF65C /* Debug */ = {
			isa = XCBuildConfiguration;
			buildSettings = {
				ASSETCATALOG_COMPILER_APPICON_NAME = AppIcon;
				ASSETCATALOG_COMPILER_GLOBAL_ACCENT_COLOR_NAME = AccentColor;
				CODE_SIGN_STYLE = Automatic;
				CURRENT_PROJECT_VERSION = 1;
				DEVELOPMENT_TEAM = 9PUAYTQL85;
				GENERATE_INFOPLIST_FILE = YES;
				INFOPLIST_FILE = Race/App/Info.plist;
				INFOPLIST_KEY_CFBundleDisplayName = McQueen;
				INFOPLIST_KEY_UIApplicationSupportsIndirectInputEvents = YES;
				INFOPLIST_KEY_UILaunchStoryboardName = LaunchScreen;
				INFOPLIST_KEY_UIMainStoryboardFile = Main;
				INFOPLIST_KEY_UISupportedInterfaceOrientations_iPad = "UIInterfaceOrientationPortrait UIInterfaceOrientationPortraitUpsideDown UIInterfaceOrientationLandscapeLeft UIInterfaceOrientationLandscapeRight";
				INFOPLIST_KEY_UISupportedInterfaceOrientations_iPhone = "UIInterfaceOrientationPortrait UIInterfaceOrientationLandscapeLeft UIInterfaceOrientationLandscapeRight";
				LD_RUNPATH_SEARCH_PATHS = (
					"$(inherited)",
					"@executable_path/Frameworks",
				);
				MARKETING_VERSION = 1.0;
				PRODUCT_BUNDLE_IDENTIFIER = com.kotrutsa.Race;
				PRODUCT_NAME = "$(TARGET_NAME)";
				SWIFT_EMIT_LOC_STRINGS = YES;
				SWIFT_VERSION = 5.0;
				TARGETED_DEVICE_FAMILY = "1,2";
			};
			name = Debug;
		};
		CCC7B4952B73EFAB009AF65C /* Release */ = {
			isa = XCBuildConfiguration;
			buildSettings = {
				ASSETCATALOG_COMPILER_APPICON_NAME = AppIcon;
				ASSETCATALOG_COMPILER_GLOBAL_ACCENT_COLOR_NAME = AccentColor;
				CODE_SIGN_STYLE = Automatic;
				CURRENT_PROJECT_VERSION = 1;
				DEVELOPMENT_TEAM = 9PUAYTQL85;
				GENERATE_INFOPLIST_FILE = YES;
				INFOPLIST_FILE = Race/App/Info.plist;
				INFOPLIST_KEY_CFBundleDisplayName = McQueen;
				INFOPLIST_KEY_UIApplicationSupportsIndirectInputEvents = YES;
				INFOPLIST_KEY_UILaunchStoryboardName = LaunchScreen;
				INFOPLIST_KEY_UIMainStoryboardFile = Main;
				INFOPLIST_KEY_UISupportedInterfaceOrientations_iPad = "UIInterfaceOrientationPortrait UIInterfaceOrientationPortraitUpsideDown UIInterfaceOrientationLandscapeLeft UIInterfaceOrientationLandscapeRight";
				INFOPLIST_KEY_UISupportedInterfaceOrientations_iPhone = "UIInterfaceOrientationPortrait UIInterfaceOrientationLandscapeLeft UIInterfaceOrientationLandscapeRight";
				LD_RUNPATH_SEARCH_PATHS = (
					"$(inherited)",
					"@executable_path/Frameworks",
				);
				MARKETING_VERSION = 1.0;
				PRODUCT_BUNDLE_IDENTIFIER = com.kotrutsa.Race;
				PRODUCT_NAME = "$(TARGET_NAME)";
				SWIFT_EMIT_LOC_STRINGS = YES;
				SWIFT_VERSION = 5.0;
				TARGETED_DEVICE_FAMILY = "1,2";
			};
			name = Release;
		};
/* End XCBuildConfiguration section */

/* Begin XCConfigurationList section */
		CCC7B47A2B73EFA9009AF65C /* Build configuration list for PBXProject "Race" */ = {
			isa = XCConfigurationList;
			buildConfigurations = (
				CCC7B4912B73EFAB009AF65C /* Debug */,
				CCC7B4922B73EFAB009AF65C /* Release */,
			);
			defaultConfigurationIsVisible = 0;
			defaultConfigurationName = Release;
		};
		CCC7B4932B73EFAB009AF65C /* Build configuration list for PBXNativeTarget "Race" */ = {
			isa = XCConfigurationList;
			buildConfigurations = (
				CCC7B4942B73EFAB009AF65C /* Debug */,
				CCC7B4952B73EFAB009AF65C /* Release */,
			);
			defaultConfigurationIsVisible = 0;
			defaultConfigurationName = Release;
		};
/* End XCConfigurationList section */

/* Begin XCRemoteSwiftPackageReference section */
		CCE29CE72B920C0E00D64314 /* XCRemoteSwiftPackageReference "lottie-ios" */ = {
			isa = XCRemoteSwiftPackageReference;
			repositoryURL = "https://github.com/airbnb/lottie-ios.git";
			requirement = {
				kind = upToNextMajorVersion;
				minimumVersion = 4.4.1;
			};
		};
/* End XCRemoteSwiftPackageReference section */

/* Begin XCSwiftPackageProductDependency section */
		CCE29CE82B920C0E00D64314 /* Lottie */ = {
			isa = XCSwiftPackageProductDependency;
			package = CCE29CE72B920C0E00D64314 /* XCRemoteSwiftPackageReference "lottie-ios" */;
			productName = Lottie;
		};
/* End XCSwiftPackageProductDependency section */
	};
	rootObject = CCC7B4772B73EFA9009AF65C /* Project object */;
}
